
Microsoft Visual Studio Solution File, Format Version 12.00
# Visual Studio Version 16
VisualStudioVersion = 16.0.29102.190
MinimumVisualStudioVersion = 10.0.40219.1
Project("{9A19103F-16F7-4668-BE54-9A1E7A4F7556}") = "API", "API\API.csproj", "{DBD056AC-5B05-4637-91A9-543B81D81DEB}"
EndProject
Project("{9A19103F-16F7-4668-BE54-9A1E7A4F7556}") = "ConsoleApp", "ConsoleApp\ConsoleApp.csproj", "{BD8479F5-ABA6-4323-9971-328F6569F887}"
EndProject
Project("{2150E333-8FDC-42A3-9474-1A3956D46DE8}") = "Solution Items", "Solution Items", "{D3FD8407-C618-4E63-B3CB-CEB1191029C3}"
	ProjectSection(SolutionItems) = preProject
		README.md = README.md
	EndProjectSection
EndProject
Global
	GlobalSection(SolutionConfigurationPlatforms) = preSolution
		Debug|Any CPU = Debug|Any CPU
		Release|Any CPU = Release|Any CPU
	EndGlobalSection
	GlobalSection(ProjectConfigurationPlatforms) = postSolution
		{DBD056AC-5B05-4637-91A9-543B81D81DEB}.Debug|Any CPU.ActiveCfg = Debug|Any CPU
		{DBD056AC-5B05-4637-91A9-543B81D81DEB}.Debug|Any CPU.Build.0 = Debug|Any CPU
		{DBD056AC-5B05-4637-91A9-543B81D81DEB}.Release|Any CPU.ActiveCfg = Release|Any CPU
		{DBD056AC-5B05-4637-91A9-543B81D81DEB}.Release|Any CPU.Build.0 = Release|Any CPU
		{BD8479F5-ABA6-4323-9971-328F6569F887}.Debug|Any CPU.ActiveCfg = Debug|Any CPU
		{BD8479F5-ABA6-4323-9971-328F6569F887}.Debug|Any CPU.Build.0 = Debug|Any CPU
		{BD8479F5-ABA6-4323-9971-328F6569F887}.Release|Any CPU.ActiveCfg = Release|Any CPU
		{BD8479F5-ABA6-4323-9971-328F6569F887}.Release|Any CPU.Build.0 = Release|Any CPU
	EndGlobalSection
	GlobalSection(SolutionProperties) = preSolution
		HideSolutionNode = FALSE
	EndGlobalSection
	GlobalSection(ExtensibilityGlobals) = postSolution
		SolutionGuid = {DCB3B46A-20B8-493E-9F67-1923460D1D8B}
	EndGlobalSection
EndGlobal
